
Microsoft Visual Studio Solution File, Format Version 12.00
# Visual Studio Version 16
VisualStudioVersion = 16.0.29709.97
MinimumVisualStudioVersion = 10.0.40219.1
Project("{FAE04EC0-301F-11D3-BF4B-00C04F79EFBC}") = "WebApp", "WebApp\WebApp.csproj", "{62B57E7D-D878-4EDD-8201-E77695428940}"
EndProject
Project("{FAE04EC0-301F-11D3-BF4B-00C04F79EFBC}") = "DBSystem", "DBSystem\DBSystem.csproj", "{546FD104-9EEA-4E07-A903-BC5601811785}"
EndProject
Global
	GlobalSection(SolutionConfigurationPlatforms) = preSolution
		Debug|Any CPU = Debug|Any CPU
		Release|Any CPU = Release|Any CPU
	EndGlobalSection
	GlobalSection(ProjectConfigurationPlatforms) = postSolution
		{62B57E7D-D878-4EDD-8201-E77695428940}.Debug|Any CPU.ActiveCfg = Debug|Any CPU
		{62B57E7D-D878-4EDD-8201-E77695428940}.Debug|Any CPU.Build.0 = Debug|Any CPU
		{62B57E7D-D878-4EDD-8201-E77695428940}.Release|Any CPU.ActiveCfg = Release|Any CPU
		{62B57E7D-D878-4EDD-8201-E77695428940}.Release|Any CPU.Build.0 = Release|Any CPU
		{546FD104-9EEA-4E07-A903-BC5601811785}.Debug|Any CPU.ActiveCfg = Debug|Any CPU
		{546FD104-9EEA-4E07-A903-BC5601811785}.Debug|Any CPU.Build.0 = Debug|Any CPU
		{546FD104-9EEA-4E07-A903-BC5601811785}.Release|Any CPU.ActiveCfg = Release|Any CPU
		{546FD104-9EEA-4E07-A903-BC5601811785}.Release|Any CPU.Build.0 = Release|Any CPU
	EndGlobalSection
	GlobalSection(SolutionProperties) = preSolution
		HideSolutionNode = FALSE
	EndGlobalSection
	GlobalSection(ExtensibilityGlobals) = postSolution
		SolutionGuid = {1B51A67F-067F-4E04-9982-CE6C98E4DAE6}
	EndGlobalSection
EndGlobal
